// !$*UTF8*$!
{
	archiveVersion = 1;
	classes = {
	};
	objectVersion = 77;
	objects = {

/* Begin PBXBuildFile section */
		0DDB2489A41A68278C836EFE /* SurveillanceController.swift in Sources */ = {isa = PBXBuildFile; fileRef = AACA2D3BFFEAFBB1894AC674 /* SurveillanceController.swift */; };
		108268D93371ACF10565F6E5 /* M6LiveLaunchHandler.swift in Sources */ = {isa = PBXBuildFile; fileRef = 6ED163759E0D7AD735CD8321 /* M6LiveLaunchHandler.swift */; };
		110F222E22059DB633A9751C /* SessionPlaybackView.swift in Sources */ = {isa = PBXBuildFile; fileRef = EB54624CDB1A553B4C6712A6 /* SessionPlaybackView.swift */; };
		11D545157894B4A082F9ED43 /* Assets.xcassets in Resources */ = {isa = PBXBuildFile; fileRef = 3CAFAD983C8ED22D0656A39D /* Assets.xcassets */; };
		166778B9A12723A0EC59BEF6 /* WebRTC in Frameworks */ = {isa = PBXBuildFile; productRef = E14849FBC7E7D2DF3F2C10A0 /* WebRTC */; };
		17BD07F5BD205F17D3BEB490 /* Assets.xcassets in Resources */ = {isa = PBXBuildFile; fileRef = 5567BC085E7500C495411CED /* Assets.xcassets */; };
		18BA45D094281A9E2FC6F104 /* CCTVCompanionApp.swift in Sources */ = {isa = PBXBuildFile; fileRef = 5CACEC2A30F0B0D28EA4EB50 /* CCTVCompanionApp.swift */; };
		1AB2E18EBAD3149A367D6AD3 /* M4PlaybackLaunchHandler.swift in Sources */ = {isa = PBXBuildFile; fileRef = 7D2565259B1F3723D408EBCD /* M4PlaybackLaunchHandler.swift */; };
		1E4DDB35A9D729B8626CE86B /* CaptureSettings.swift in Sources */ = {isa = PBXBuildFile; fileRef = F8A398E53B0362902D775BF7 /* CaptureSettings.swift */; };
		288AB77738C39F08466EE84A /* InfoPlist.xcstrings in Resources */ = {isa = PBXBuildFile; fileRef = F8D51694791FFE6571A667A8 /* InfoPlist.xcstrings */; };
		28A0DF06D884C916A1349DB2 /* MacCCTVTips.storekit in Resources */ = {isa = PBXBuildFile; fileRef = 521FA01085945CE8A129120E /* MacCCTVTips.storekit */; };
		2AE9EDC79DC87791030AAFE0 /* WebRTC in Frameworks */ = {isa = PBXBuildFile; productRef = 23F2B3C5E4BC0EFB8F215515 /* WebRTC */; };
		2CB2F7D91BF32EA91CF90B23 /* SessionPlaybackViewModel.swift in Sources */ = {isa = PBXBuildFile; fileRef = 4B6EC5F4857C375A251B8AAE /* SessionPlaybackViewModel.swift */; };
		2D9FE6114734D60ACD06DA7C /* M0ProbeLaunchHandler.swift in Sources */ = {isa = PBXBuildFile; fileRef = 8F4F93FC1015721C90A7951F /* M0ProbeLaunchHandler.swift */; };
		2E31E0E8B1C5662D7C0269D4 /* M0ProbeLaunchHandler.swift in Sources */ = {isa = PBXBuildFile; fileRef = 0598E0BDD1D1C294A62A94AB /* M0ProbeLaunchHandler.swift */; };
		301F46300732B79417FB9267 /* Localizable.xcstrings in Resources */ = {isa = PBXBuildFile; fileRef = FFD661A51CF049749A8C8324 /* Localizable.xcstrings */; };
		341E8B3B38C68988ADDCB631 /* ChunkWriter.swift in Sources */ = {isa = PBXBuildFile; fileRef = 30DF144D2C9E6F0DAE977038 /* ChunkWriter.swift */; };
		3D2E8DDE7C6AF8EDE270624E /* SettingsView.swift in Sources */ = {isa = PBXBuildFile; fileRef = 86B1D32FC93E70F76FE80203 /* SettingsView.swift */; };
		434C172014244A3C3DA21989 /* Localizable.xcstrings in Resources */ = {isa = PBXBuildFile; fileRef = 41D23F8132B953408C8898E3 /* Localizable.xcstrings */; };
		437399AF3869AC00D5426F75 /* HotkeyManager.swift in Sources */ = {isa = PBXBuildFile; fileRef = 28B65B440D4B33CCC1962465 /* HotkeyManager.swift */; };
		47C0CC79E30E86495698DE08 /* BroadcastSession.swift in Sources */ = {isa = PBXBuildFile; fileRef = 7F9E9F68FED9F5530D4C6F5A /* BroadcastSession.swift */; };
		50B494ED430814DAEA9FC796 /* M5EventPollLaunchHandler.swift in Sources */ = {isa = PBXBuildFile; fileRef = A7BC98ED03143CCA620A64BB /* M5EventPollLaunchHandler.swift */; };
		54D21C7F058327548EA5C88C /* EventNotificationBootstrap.swift in Sources */ = {isa = PBXBuildFile; fileRef = 32503C81F9675A50B06C20EB /* EventNotificationBootstrap.swift */; };
		55759B8EEFF384FAE555ABB0 /* CCTVKit in Frameworks */ = {isa = PBXBuildFile; productRef = B40ECCDF8CA0C6C97F9149F9 /* CCTVKit */; };
		594E711524DCFED726646414 /* CCTVKit in Frameworks */ = {isa = PBXBuildFile; productRef = CC0DC04A38B9D5C274D368D6 /* CCTVKit */; };
		5CF59D2FB28A5BBEC0C7864C /* M1CaptureLaunchHandler.swift in Sources */ = {isa = PBXBuildFile; fileRef = B04A9EFC2FAC915F59F62D14 /* M1CaptureLaunchHandler.swift */; };
		5FD759EDB59CB008BA3FDD72 /* EventNavigationRouter.swift in Sources */ = {isa = PBXBuildFile; fileRef = B292152A782C01300F44D3B9 /* EventNavigationRouter.swift */; };
		71C3FA8A11FEA42D432C1BCA /* SessionLibraryViewModel.swift in Sources */ = {isa = PBXBuildFile; fileRef = 74590EDC7780A3EB3C5122EE /* SessionLibraryViewModel.swift */; };
		74FC0CC21FDFE4AD73A56A64 /* IOSCloudKitProbeView.swift in Sources */ = {isa = PBXBuildFile; fileRef = 66765A1D067DA4C98A98EAFA /* IOSCloudKitProbeView.swift */; };
		7D87C9D1F2929119751B6112 /* StoreKitTest.framework in Frameworks */ = {isa = PBXBuildFile; fileRef = ECFE12D9A12DB2EFE58DA2AD /* StoreKitTest.framework */; };
		7E0CEE6E8E123BF8ABB3BF81 /* MacCloudKitProbeView.swift in Sources */ = {isa = PBXBuildFile; fileRef = B00FC6C92024FFCAA3C14711 /* MacCloudKitProbeView.swift */; };
		7F127430D9512FF354779283 /* SessionRouteView.swift in Sources */ = {isa = PBXBuildFile; fileRef = B6FC6D9931743074BDB09BB5 /* SessionRouteView.swift */; };
		80EC96F963190C140EB587BE /* SleepBlocker.swift in Sources */ = {isa = PBXBuildFile; fileRef = 311655DA13AF3752B298F3B1 /* SleepBlocker.swift */; };
		81BAF4E07BF9D010B62437FE /* MacCloudKitProbeViewModel.swift in Sources */ = {isa = PBXBuildFile; fileRef = 986F9BF51E2C7CF3035542ED /* MacCloudKitProbeViewModel.swift */; };
		8D690B860CF39D4456809C7A /* M2UploadLaunchHandler.swift in Sources */ = {isa = PBXBuildFile; fileRef = 1E1054ADF924B134952F92A1 /* M2UploadLaunchHandler.swift */; };
		90F84CD00B18EEB6B3B87C80 /* SessionLibraryView.swift in Sources */ = {isa = PBXBuildFile; fileRef = E94F7C32CF3A354413CADE4C /* SessionLibraryView.swift */; };
		9558D359B45B299B0B5969B7 /* TipJarView.swift in Sources */ = {isa = PBXBuildFile; fileRef = FD1FA1F7166E423A71214344 /* TipJarView.swift */; };
		9568C549AAD6C857449112D6 /* SirenController.swift in Sources */ = {isa = PBXBuildFile; fileRef = 5AD1484183FAD861774FAD9D /* SirenController.swift */; };
		A3171676E215A4D82088EC99 /* LocalChunkStore.swift in Sources */ = {isa = PBXBuildFile; fileRef = 7D78207AB6F5951B117E39E8 /* LocalChunkStore.swift */; };
		AA6E199B798F2FF1571CFF5F /* EventDetector.swift in Sources */ = {isa = PBXBuildFile; fileRef = 3672181E21D2A1495C2960D8 /* EventDetector.swift */; };
		AFAB6BF4CBB621E727B2C559 /* TipJarStoreKitSessionTests.swift in Sources */ = {isa = PBXBuildFile; fileRef = 33D7BCA4E0AA36840EC9E291 /* TipJarStoreKitSessionTests.swift */; };
		B0407BA3B9C0707E2145ECCD /* WebRTCReceiver.swift in Sources */ = {isa = PBXBuildFile; fileRef = 51286E4EF4D6CBA34A8DF3E8 /* WebRTCReceiver.swift */; };
		BAF86A2F9766ED7D90FE5841 /* CaptureEngine.swift in Sources */ = {isa = PBXBuildFile; fileRef = 999F7E6549C53818BB9CA6BE /* CaptureEngine.swift */; };
		C8971D15E095FB3E90D73E83 /* MacOnboardingView.swift in Sources */ = {isa = PBXBuildFile; fileRef = C7B71D4DAA2536865C4357AC /* MacOnboardingView.swift */; };
		CFF19CD57D1759CBCB0136DF /* TipJarAppStoreConnectProductTests.swift in Sources */ = {isa = PBXBuildFile; fileRef = 1B7B2B778F6E0C691EA02C91 /* TipJarAppStoreConnectProductTests.swift */; };
		DAFACFA911D15AA3AFA4DB57 /* TipJarView.swift in Sources */ = {isa = PBXBuildFile; fileRef = DD850BF5D3652F5125572FEF /* TipJarView.swift */; };
		DED9DFCE96144A998E57712F /* MacCCTVRootView.swift in Sources */ = {isa = PBXBuildFile; fileRef = 85DD33AC436E7638A9D6C90B /* MacCCTVRootView.swift */; };
		E083CB53ABF4B7571A53B3D4 /* CCTVKit in Frameworks */ = {isa = PBXBuildFile; productRef = CC4F4F57FC77F80795CA379E /* CCTVKit */; };
		E96ABB53B915A1B8395F4D71 /* MacCCTVApp.swift in Sources */ = {isa = PBXBuildFile; fileRef = FA7C453536705C4C6664DE1A /* MacCCTVApp.swift */; };
		F24F5A42ADE24DCE942CFE52 /* InfoPlist.xcstrings in Resources */ = {isa = PBXBuildFile; fileRef = BEC1EEBF7AABEA1E0B92245E /* InfoPlist.xcstrings */; };
		F5E525D7BF6307E71B8543F7 /* SurveillancePopoverView.swift in Sources */ = {isa = PBXBuildFile; fileRef = 4F036433EE186BB61B57073B /* SurveillancePopoverView.swift */; };
		F7399BBEAB1D0915E7EF81DF /* IOSCloudKitProbeViewModel.swift in Sources */ = {isa = PBXBuildFile; fileRef = 37522887D38BD77AAEA88C31 /* IOSCloudKitProbeViewModel.swift */; };
/* End PBXBuildFile section */

/* Begin PBXContainerItemProxy section */
		84FD7D1856EBE735ABAD9F95 /* PBXContainerItemProxy */ = {
			isa = PBXContainerItemProxy;
			containerPortal = 3482E8B71A7996F81EA01B43 /* Project object */;
			proxyType = 1;
			remoteGlobalIDString = D14D4B0E61026724F28C6167;
			remoteInfo = MacCCTV;
		};
/* End PBXContainerItemProxy section */

/* Begin PBXFileReference section */
		0598E0BDD1D1C294A62A94AB /* M0ProbeLaunchHandler.swift */ = {isa = PBXFileReference; lastKnownFileType = sourcecode.swift; path = M0ProbeLaunchHandler.swift; sourceTree = "<group>"; };
		0ACB4C1D7C5A5AFA2B10C0AC /* MacCCTVTests.xctest */ = {isa = PBXFileReference; explicitFileType = wrapper.cfbundle; includeInIndex = 0; path = MacCCTVTests.xctest; sourceTree = BUILT_PRODUCTS_DIR; };
		1B7B2B778F6E0C691EA02C91 /* TipJarAppStoreConnectProductTests.swift */ = {isa = PBXFileReference; lastKnownFileType = sourcecode.swift; path = TipJarAppStoreConnectProductTests.swift; sourceTree = "<group>"; };
		1E1054ADF924B134952F92A1 /* M2UploadLaunchHandler.swift */ = {isa = PBXFileReference; lastKnownFileType = sourcecode.swift; path = M2UploadLaunchHandler.swift; sourceTree = "<group>"; };
		282FCA4FE21DB7980D7DCB36 /* MacCCTV.app */ = {isa = PBXFileReference; explicitFileType = wrapper.application; includeInIndex = 0; path = MacCCTV.app; sourceTree = BUILT_PRODUCTS_DIR; };
		28B65B440D4B33CCC1962465 /* HotkeyManager.swift */ = {isa = PBXFileReference; lastKnownFileType = sourcecode.swift; path = HotkeyManager.swift; sourceTree = "<group>"; };
		30DF144D2C9E6F0DAE977038 /* ChunkWriter.swift */ = {isa = PBXFileReference; lastKnownFileType = sourcecode.swift; path = ChunkWriter.swift; sourceTree = "<group>"; };
		311655DA13AF3752B298F3B1 /* SleepBlocker.swift */ = {isa = PBXFileReference; lastKnownFileType = sourcecode.swift; path = SleepBlocker.swift; sourceTree = "<group>"; };
		32503C81F9675A50B06C20EB /* EventNotificationBootstrap.swift */ = {isa = PBXFileReference; lastKnownFileType = sourcecode.swift; path = EventNotificationBootstrap.swift; sourceTree = "<group>"; };
		33D7BCA4E0AA36840EC9E291 /* TipJarStoreKitSessionTests.swift */ = {isa = PBXFileReference; lastKnownFileType = sourcecode.swift; path = TipJarStoreKitSessionTests.swift; sourceTree = "<group>"; };
		3672181E21D2A1495C2960D8 /* EventDetector.swift */ = {isa = PBXFileReference; lastKnownFileType = sourcecode.swift; path = EventDetector.swift; sourceTree = "<group>"; };
		37522887D38BD77AAEA88C31 /* IOSCloudKitProbeViewModel.swift */ = {isa = PBXFileReference; lastKnownFileType = sourcecode.swift; path = IOSCloudKitProbeViewModel.swift; sourceTree = "<group>"; };
		3CAFAD983C8ED22D0656A39D /* Assets.xcassets */ = {isa = PBXFileReference; lastKnownFileType = folder.assetcatalog; path = Assets.xcassets; sourceTree = "<group>"; };
		41D23F8132B953408C8898E3 /* Localizable.xcstrings */ = {isa = PBXFileReference; lastKnownFileType = text.json.xcstrings; path = Localizable.xcstrings; sourceTree = "<group>"; };
		4B6EC5F4857C375A251B8AAE /* SessionPlaybackViewModel.swift */ = {isa = PBXFileReference; lastKnownFileType = sourcecode.swift; path = SessionPlaybackViewModel.swift; sourceTree = "<group>"; };
		4F036433EE186BB61B57073B /* SurveillancePopoverView.swift */ = {isa = PBXFileReference; lastKnownFileType = sourcecode.swift; path = SurveillancePopoverView.swift; sourceTree = "<group>"; };
		51286E4EF4D6CBA34A8DF3E8 /* WebRTCReceiver.swift */ = {isa = PBXFileReference; lastKnownFileType = sourcecode.swift; path = WebRTCReceiver.swift; sourceTree = "<group>"; };
		521FA01085945CE8A129120E /* MacCCTVTips.storekit */ = {isa = PBXFileReference; path = MacCCTVTips.storekit; sourceTree = "<group>"; };
		5567BC085E7500C495411CED /* Assets.xcassets */ = {isa = PBXFileReference; lastKnownFileType = folder.assetcatalog; path = Assets.xcassets; sourceTree = "<group>"; };
		5AD1484183FAD861774FAD9D /* SirenController.swift */ = {isa = PBXFileReference; lastKnownFileType = sourcecode.swift; path = SirenController.swift; sourceTree = "<group>"; };
		5CACEC2A30F0B0D28EA4EB50 /* CCTVCompanionApp.swift */ = {isa = PBXFileReference; lastKnownFileType = sourcecode.swift; path = CCTVCompanionApp.swift; sourceTree = "<group>"; };
		66765A1D067DA4C98A98EAFA /* IOSCloudKitProbeView.swift */ = {isa = PBXFileReference; lastKnownFileType = sourcecode.swift; path = IOSCloudKitProbeView.swift; sourceTree = "<group>"; };
		6ED163759E0D7AD735CD8321 /* M6LiveLaunchHandler.swift */ = {isa = PBXFileReference; lastKnownFileType = sourcecode.swift; path = M6LiveLaunchHandler.swift; sourceTree = "<group>"; };
		6F7FB823419F5127C79AC9E4 /* CCTVKit */ = {isa = PBXFileReference; lastKnownFileType = folder; name = CCTVKit; path = Packages/CCTVKit; sourceTree = SOURCE_ROOT; };
		724AE9EC4072B23097D6D434 /* CCTVCompanion.entitlements */ = {isa = PBXFileReference; lastKnownFileType = text.plist.entitlements; path = CCTVCompanion.entitlements; sourceTree = "<group>"; };
		74590EDC7780A3EB3C5122EE /* SessionLibraryViewModel.swift */ = {isa = PBXFileReference; lastKnownFileType = sourcecode.swift; path = SessionLibraryViewModel.swift; sourceTree = "<group>"; };
		75369F92F71E501939D44CAC /* MacCCTV.entitlements */ = {isa = PBXFileReference; lastKnownFileType = text.plist.entitlements; path = MacCCTV.entitlements; sourceTree = "<group>"; };
		7D2565259B1F3723D408EBCD /* M4PlaybackLaunchHandler.swift */ = {isa = PBXFileReference; lastKnownFileType = sourcecode.swift; path = M4PlaybackLaunchHandler.swift; sourceTree = "<group>"; };
		7D78207AB6F5951B117E39E8 /* LocalChunkStore.swift */ = {isa = PBXFileReference; lastKnownFileType = sourcecode.swift; path = LocalChunkStore.swift; sourceTree = "<group>"; };
		7F9E9F68FED9F5530D4C6F5A /* BroadcastSession.swift */ = {isa = PBXFileReference; lastKnownFileType = sourcecode.swift; path = BroadcastSession.swift; sourceTree = "<group>"; };
		85DD33AC436E7638A9D6C90B /* MacCCTVRootView.swift */ = {isa = PBXFileReference; lastKnownFileType = sourcecode.swift; path = MacCCTVRootView.swift; sourceTree = "<group>"; };
		86B1D32FC93E70F76FE80203 /* SettingsView.swift */ = {isa = PBXFileReference; lastKnownFileType = sourcecode.swift; path = SettingsView.swift; sourceTree = "<group>"; };
		8F4F93FC1015721C90A7951F /* M0ProbeLaunchHandler.swift */ = {isa = PBXFileReference; lastKnownFileType = sourcecode.swift; path = M0ProbeLaunchHandler.swift; sourceTree = "<group>"; };
		986F9BF51E2C7CF3035542ED /* MacCloudKitProbeViewModel.swift */ = {isa = PBXFileReference; lastKnownFileType = sourcecode.swift; path = MacCloudKitProbeViewModel.swift; sourceTree = "<group>"; };
		999F7E6549C53818BB9CA6BE /* CaptureEngine.swift */ = {isa = PBXFileReference; lastKnownFileType = sourcecode.swift; path = CaptureEngine.swift; sourceTree = "<group>"; };
		A7BC98ED03143CCA620A64BB /* M5EventPollLaunchHandler.swift */ = {isa = PBXFileReference; lastKnownFileType = sourcecode.swift; path = M5EventPollLaunchHandler.swift; sourceTree = "<group>"; };
		A938A391B4B6EC6DBFAF54A5 /* Info.plist */ = {isa = PBXFileReference; lastKnownFileType = text.plist; path = Info.plist; sourceTree = "<group>"; };
		AACA2D3BFFEAFBB1894AC674 /* SurveillanceController.swift */ = {isa = PBXFileReference; lastKnownFileType = sourcecode.swift; path = SurveillanceController.swift; sourceTree = "<group>"; };
		B00FC6C92024FFCAA3C14711 /* MacCloudKitProbeView.swift */ = {isa = PBXFileReference; lastKnownFileType = sourcecode.swift; path = MacCloudKitProbeView.swift; sourceTree = "<group>"; };
		B04A9EFC2FAC915F59F62D14 /* M1CaptureLaunchHandler.swift */ = {isa = PBXFileReference; lastKnownFileType = sourcecode.swift; path = M1CaptureLaunchHandler.swift; sourceTree = "<group>"; };
		B292152A782C01300F44D3B9 /* EventNavigationRouter.swift */ = {isa = PBXFileReference; lastKnownFileType = sourcecode.swift; path = EventNavigationRouter.swift; sourceTree = "<group>"; };
		B6FC6D9931743074BDB09BB5 /* SessionRouteView.swift */ = {isa = PBXFileReference; lastKnownFileType = sourcecode.swift; path = SessionRouteView.swift; sourceTree = "<group>"; };
		BEC1EEBF7AABEA1E0B92245E /* InfoPlist.xcstrings */ = {isa = PBXFileReference; lastKnownFileType = text.json.xcstrings; path = InfoPlist.xcstrings; sourceTree = "<group>"; };
		C7B71D4DAA2536865C4357AC /* MacOnboardingView.swift */ = {isa = PBXFileReference; lastKnownFileType = sourcecode.swift; path = MacOnboardingView.swift; sourceTree = "<group>"; };
		D5E4ED2EEA66A4191D22F7EB /* CCTVCompanion.app */ = {isa = PBXFileReference; includeInIndex = 0; lastKnownFileType = wrapper.application; path = CCTVCompanion.app; sourceTree = BUILT_PRODUCTS_DIR; };
		DD850BF5D3652F5125572FEF /* TipJarView.swift */ = {isa = PBXFileReference; lastKnownFileType = sourcecode.swift; path = TipJarView.swift; sourceTree = "<group>"; };
		E94F7C32CF3A354413CADE4C /* SessionLibraryView.swift */ = {isa = PBXFileReference; lastKnownFileType = sourcecode.swift; path = SessionLibraryView.swift; sourceTree = "<group>"; };
		EB54624CDB1A553B4C6712A6 /* SessionPlaybackView.swift */ = {isa = PBXFileReference; lastKnownFileType = sourcecode.swift; path = SessionPlaybackView.swift; sourceTree = "<group>"; };
		ECFE12D9A12DB2EFE58DA2AD /* StoreKitTest.framework */ = {isa = PBXFileReference; lastKnownFileType = wrapper.framework; name = StoreKitTest.framework; path = System/Library/Frameworks/StoreKitTest.framework; sourceTree = DEVELOPER_DIR; };
		F49EACFCA3D177BB27CABED5 /* Info.plist */ = {isa = PBXFileReference; lastKnownFileType = text.plist; path = Info.plist; sourceTree = "<group>"; };
		F8A398E53B0362902D775BF7 /* CaptureSettings.swift */ = {isa = PBXFileReference; lastKnownFileType = sourcecode.swift; path = CaptureSettings.swift; sourceTree = "<group>"; };
		F8D51694791FFE6571A667A8 /* InfoPlist.xcstrings */ = {isa = PBXFileReference; lastKnownFileType = text.json.xcstrings; path = InfoPlist.xcstrings; sourceTree = "<group>"; };
		FA7C453536705C4C6664DE1A /* MacCCTVApp.swift */ = {isa = PBXFileReference; lastKnownFileType = sourcecode.swift; path = MacCCTVApp.swift; sourceTree = "<group>"; };
		FD1FA1F7166E423A71214344 /* TipJarView.swift */ = {isa = PBXFileReference; lastKnownFileType = sourcecode.swift; path = TipJarView.swift; sourceTree = "<group>"; };
		FFD661A51CF049749A8C8324 /* Localizable.xcstrings */ = {isa = PBXFileReference; lastKnownFileType = text.json.xcstrings; path = Localizable.xcstrings; sourceTree = "<group>"; };
/* End PBXFileReference section */

/* Begin PBXFrameworksBuildPhase section */
		38FF459AE86F51350C1C6208 /* Frameworks */ = {
			isa = PBXFrameworksBuildPhase;
			buildActionMask = 2147483647;
			files = (
				E083CB53ABF4B7571A53B3D4 /* CCTVKit in Frameworks */,
				166778B9A12723A0EC59BEF6 /* WebRTC in Frameworks */,
			);
			runOnlyForDeploymentPostprocessing = 0;
		};
		95A463F38DF7FB5E7BFB828F /* Frameworks */ = {
			isa = PBXFrameworksBuildPhase;
			buildActionMask = 2147483647;
			files = (
				55759B8EEFF384FAE555ABB0 /* CCTVKit in Frameworks */,
				2AE9EDC79DC87791030AAFE0 /* WebRTC in Frameworks */,
			);
			runOnlyForDeploymentPostprocessing = 0;
		};
		9EB964F204B22632836D8762 /* Frameworks */ = {
			isa = PBXFrameworksBuildPhase;
			buildActionMask = 2147483647;
			files = (
				594E711524DCFED726646414 /* CCTVKit in Frameworks */,
				7D87C9D1F2929119751B6112 /* StoreKitTest.framework in Frameworks */,
			);
			runOnlyForDeploymentPostprocessing = 0;
		};
/* End PBXFrameworksBuildPhase section */

/* Begin PBXGroup section */
		048EF1AF1A92FAAF4574A975 /* Library */ = {
			isa = PBXGroup;
			children = (
				E94F7C32CF3A354413CADE4C /* SessionLibraryView.swift */,
				74590EDC7780A3EB3C5122EE /* SessionLibraryViewModel.swift */,
				DD850BF5D3652F5125572FEF /* TipJarView.swift */,
			);
			path = Library;
			sourceTree = "<group>";
		};
		1427F1D57BF14490A7AE16DB /* App */ = {
			isa = PBXGroup;
			children = (
				0598E0BDD1D1C294A62A94AB /* M0ProbeLaunchHandler.swift */,
				B04A9EFC2FAC915F59F62D14 /* M1CaptureLaunchHandler.swift */,
				1E1054ADF924B134952F92A1 /* M2UploadLaunchHandler.swift */,
				FA7C453536705C4C6664DE1A /* MacCCTVApp.swift */,
				986F9BF51E2C7CF3035542ED /* MacCloudKitProbeViewModel.swift */,
				AACA2D3BFFEAFBB1894AC674 /* SurveillanceController.swift */,
			);
			path = App;
			sourceTree = "<group>";
		};
		2466A4D45D6578AEF9ED3A08 /* UI */ = {
			isa = PBXGroup;
			children = (
				85DD33AC436E7638A9D6C90B /* MacCCTVRootView.swift */,
				B00FC6C92024FFCAA3C14711 /* MacCloudKitProbeView.swift */,
				C7B71D4DAA2536865C4357AC /* MacOnboardingView.swift */,
				4F036433EE186BB61B57073B /* SurveillancePopoverView.swift */,
				FD1FA1F7166E423A71214344 /* TipJarView.swift */,
			);
			path = UI;
			sourceTree = "<group>";
		};
		3F1212949FAB1CC23F49D508 /* Capture */ = {
			isa = PBXGroup;
			children = (
				999F7E6549C53818BB9CA6BE /* CaptureEngine.swift */,
				F8A398E53B0362902D775BF7 /* CaptureSettings.swift */,
				30DF144D2C9E6F0DAE977038 /* ChunkWriter.swift */,
				7D78207AB6F5951B117E39E8 /* LocalChunkStore.swift */,
			);
			path = Capture;
			sourceTree = "<group>";
		};
		6233649331AEA17D0B45C41A /* Power */ = {
			isa = PBXGroup;
			children = (
				311655DA13AF3752B298F3B1 /* SleepBlocker.swift */,
			);
			path = Power;
			sourceTree = "<group>";
		};
		63445A31D417EB800567EB96 /* App */ = {
			isa = PBXGroup;
			children = (
				5CACEC2A30F0B0D28EA4EB50 /* CCTVCompanionApp.swift */,
				B292152A782C01300F44D3B9 /* EventNavigationRouter.swift */,
				32503C81F9675A50B06C20EB /* EventNotificationBootstrap.swift */,
				37522887D38BD77AAEA88C31 /* IOSCloudKitProbeViewModel.swift */,
				8F4F93FC1015721C90A7951F /* M0ProbeLaunchHandler.swift */,
				7D2565259B1F3723D408EBCD /* M4PlaybackLaunchHandler.swift */,
				A7BC98ED03143CCA620A64BB /* M5EventPollLaunchHandler.swift */,
				6ED163759E0D7AD735CD8321 /* M6LiveLaunchHandler.swift */,
			);
			path = App;
			sourceTree = "<group>";
		};
		7718D9AD09165BF2B7B19DFF /* Siren */ = {
			isa = PBXGroup;
			children = (
				5AD1484183FAD861774FAD9D /* SirenController.swift */,
			);
			path = Siren;
			sourceTree = "<group>";
		};
		7FB8639A6D67E84B7DA9808D = {
			isa = PBXGroup;
			children = (
				BFE46FF26C8F9A64766C1ADB /* CCTVCompanion */,
				CCC5293A5352136F4CD955B9 /* MacCCTV */,
				95E3D268FCF44C5D6D4BBB44 /* MacCCTVTests */,
				AC6F0C7BF7020799A40A941C /* Packages */,
				916C39C1F106F67111AD86FA /* Resources */,
				AC496A56F8C60869B802AE40 /* Frameworks */,
				A191BA3C98E4C1911E50D330 /* Products */,
			);
			sourceTree = "<group>";
		};
		916C39C1F106F67111AD86FA /* Resources */ = {
			isa = PBXGroup;
			children = (
				521FA01085945CE8A129120E /* MacCCTVTips.storekit */,
			);
			name = Resources;
			path = Packages/CCTVKit/Tests/CCTVKitTests/Resources;
			sourceTree = "<group>";
		};
		95E3D268FCF44C5D6D4BBB44 /* MacCCTVTests */ = {
			isa = PBXGroup;
			children = (
				1B7B2B778F6E0C691EA02C91 /* TipJarAppStoreConnectProductTests.swift */,
				33D7BCA4E0AA36840EC9E291 /* TipJarStoreKitSessionTests.swift */,
			);
			name = MacCCTVTests;
			path = tests/mac/MacCCTVTests;
			sourceTree = "<group>";
		};
		A191BA3C98E4C1911E50D330 /* Products */ = {
			isa = PBXGroup;
			children = (
				D5E4ED2EEA66A4191D22F7EB /* CCTVCompanion.app */,
				282FCA4FE21DB7980D7DCB36 /* MacCCTV.app */,
				0ACB4C1D7C5A5AFA2B10C0AC /* MacCCTVTests.xctest */,
			);
			name = Products;
			sourceTree = "<group>";
		};
		AC496A56F8C60869B802AE40 /* Frameworks */ = {
			isa = PBXGroup;
			children = (
				ECFE12D9A12DB2EFE58DA2AD /* StoreKitTest.framework */,
			);
			name = Frameworks;
			sourceTree = "<group>";
		};
		AC6F0C7BF7020799A40A941C /* Packages */ = {
			isa = PBXGroup;
			children = (
				6F7FB823419F5127C79AC9E4 /* CCTVKit */,
			);
			path = Packages;
			sourceTree = "<group>";
		};
		B371A20957663F6A8ADFE57C /* Live */ = {
			isa = PBXGroup;
			children = (
				7F9E9F68FED9F5530D4C6F5A /* BroadcastSession.swift */,
			);
			path = Live;
			sourceTree = "<group>";
		};
		BAB1A5F0D41202DFFE3F2B6C /* Hotkey */ = {
			isa = PBXGroup;
			children = (
				28B65B440D4B33CCC1962465 /* HotkeyManager.swift */,
			);
			path = Hotkey;
			sourceTree = "<group>";
		};
		BD5B12C6DB32009BACF1F0D0 /* Settings */ = {
			isa = PBXGroup;
			children = (
				86B1D32FC93E70F76FE80203 /* SettingsView.swift */,
			);
			path = Settings;
			sourceTree = "<group>";
		};
		BFE46FF26C8F9A64766C1ADB /* CCTVCompanion */ = {
			isa = PBXGroup;
			children = (
				5567BC085E7500C495411CED /* Assets.xcassets */,
				63445A31D417EB800567EB96 /* App */,
				048EF1AF1A92FAAF4574A975 /* Library */,
				FDA8F313003C44B3DA819C31 /* Live */,
				BD5B12C6DB32009BACF1F0D0 /* Settings */,
				EBD288FFED42D8F19FAEB82E /* Support */,
			);
			name = CCTVCompanion;
			path = apps/ios/CCTVCompanion;
			sourceTree = "<group>";
		};
		CAFA55BAD10AA79BD1475AE2 /* Support */ = {
			isa = PBXGroup;
			children = (
				F49EACFCA3D177BB27CABED5 /* Info.plist */,
				F8D51694791FFE6571A667A8 /* InfoPlist.xcstrings */,
				41D23F8132B953408C8898E3 /* Localizable.xcstrings */,
				75369F92F71E501939D44CAC /* MacCCTV.entitlements */,
			);
			path = Support;
			sourceTree = "<group>";
		};
		CCC5293A5352136F4CD955B9 /* MacCCTV */ = {
			isa = PBXGroup;
			children = (
				3CAFAD983C8ED22D0656A39D /* Assets.xcassets */,
				1427F1D57BF14490A7AE16DB /* App */,
				3F1212949FAB1CC23F49D508 /* Capture */,
				E608356A9A6A7018D5E8C7A2 /* Detection */,
				BAB1A5F0D41202DFFE3F2B6C /* Hotkey */,
				B371A20957663F6A8ADFE57C /* Live */,
				6233649331AEA17D0B45C41A /* Power */,
				7718D9AD09165BF2B7B19DFF /* Siren */,
				CAFA55BAD10AA79BD1475AE2 /* Support */,
				2466A4D45D6578AEF9ED3A08 /* UI */,
			);
			name = MacCCTV;
			path = apps/mac/MacCCTV;
			sourceTree = "<group>";
		};
		E608356A9A6A7018D5E8C7A2 /* Detection */ = {
			isa = PBXGroup;
			children = (
				3672181E21D2A1495C2960D8 /* EventDetector.swift */,
			);
			path = Detection;
			sourceTree = "<group>";
		};
		EBD288FFED42D8F19FAEB82E /* Support */ = {
			isa = PBXGroup;
			children = (
				724AE9EC4072B23097D6D434 /* CCTVCompanion.entitlements */,
				A938A391B4B6EC6DBFAF54A5 /* Info.plist */,
				BEC1EEBF7AABEA1E0B92245E /* InfoPlist.xcstrings */,
				FFD661A51CF049749A8C8324 /* Localizable.xcstrings */,
			);
			path = Support;
			sourceTree = "<group>";
		};
		FDA8F313003C44B3DA819C31 /* Live */ = {
			isa = PBXGroup;
			children = (
				66765A1D067DA4C98A98EAFA /* IOSCloudKitProbeView.swift */,
				EB54624CDB1A553B4C6712A6 /* SessionPlaybackView.swift */,
				4B6EC5F4857C375A251B8AAE /* SessionPlaybackViewModel.swift */,
				B6FC6D9931743074BDB09BB5 /* SessionRouteView.swift */,
				51286E4EF4D6CBA34A8DF3E8 /* WebRTCReceiver.swift */,
			);
			path = Live;
			sourceTree = "<group>";
		};
/* End PBXGroup section */

/* Begin PBXNativeTarget section */
		165A6A37EB51830F8201539A /* MacCCTVTests */ = {
			isa = PBXNativeTarget;
			buildConfigurationList = 49F6A1D337F35C825DA92D13 /* Build configuration list for PBXNativeTarget "MacCCTVTests" */;
			buildPhases = (
				1E93C328367F68CB0C5CC99B /* Sources */,
				DE2C03EBE565F4B47EE33AA7 /* Resources */,
				9EB964F204B22632836D8762 /* Frameworks */,
			);
			buildRules = (
			);
			dependencies = (
				E9D93FDA42E2E525A49F50B1 /* PBXTargetDependency */,
			);
			name = MacCCTVTests;
			packageProductDependencies = (
				CC0DC04A38B9D5C274D368D6 /* CCTVKit */,
			);
			productName = MacCCTVTests;
			productReference = 0ACB4C1D7C5A5AFA2B10C0AC /* MacCCTVTests.xctest */;
			productType = "com.apple.product-type.bundle.unit-test";
		};
		54374CA213092B0F091EBD9E /* CCTVCompanion */ = {
			isa = PBXNativeTarget;
			buildConfigurationList = 8737DF63AA6C7858EA53E64F /* Build configuration list for PBXNativeTarget "CCTVCompanion" */;
			buildPhases = (
				51385E035421DBB3CBF83044 /* Sources */,
				4E30BC6E95970F0C3BB25823 /* Resources */,
				38FF459AE86F51350C1C6208 /* Frameworks */,
			);
			buildRules = (
			);
			dependencies = (
			);
			name = CCTVCompanion;
			packageProductDependencies = (
				CC4F4F57FC77F80795CA379E /* CCTVKit */,
				E14849FBC7E7D2DF3F2C10A0 /* WebRTC */,
			);
			productName = CCTVCompanion;
			productReference = D5E4ED2EEA66A4191D22F7EB /* CCTVCompanion.app */;
			productType = "com.apple.product-type.application";
		};
		D14D4B0E61026724F28C6167 /* MacCCTV */ = {
			isa = PBXNativeTarget;
			buildConfigurationList = 356C20C4AA4AE413513E238E /* Build configuration list for PBXNativeTarget "MacCCTV" */;
			buildPhases = (
				3DD39D777ABF326DAE551B97 /* Sources */,
				E8F2152A4F6B0BBC50DBF1DF /* Resources */,
				95A463F38DF7FB5E7BFB828F /* Frameworks */,
			);
			buildRules = (
			);
			dependencies = (
			);
			name = MacCCTV;
			packageProductDependencies = (
				B40ECCDF8CA0C6C97F9149F9 /* CCTVKit */,
				23F2B3C5E4BC0EFB8F215515 /* WebRTC */,
			);
			productName = MacCCTV;
			productReference = 282FCA4FE21DB7980D7DCB36 /* MacCCTV.app */;
			productType = "com.apple.product-type.application";
		};
/* End PBXNativeTarget section */

/* Begin PBXProject section */
		3482E8B71A7996F81EA01B43 /* Project object */ = {
			isa = PBXProject;
			attributes = {
				BuildIndependentTargetsInParallel = YES;
				LastUpgradeCheck = 1430;
				TargetAttributes = {
					165A6A37EB51830F8201539A = {
						DevelopmentTeam = 878FAHTFQJ;
						ProvisioningStyle = Automatic;
					};
					54374CA213092B0F091EBD9E = {
						DevelopmentTeam = 878FAHTFQJ;
						ProvisioningStyle = Automatic;
						SystemCapabilities = "[\"com.apple.Push\": [\"enabled\": 1], \"com.apple.iCloud\": [\"enabled\": 1], \"com.apple.ApplicationGroups.iOS\": [\"enabled\": 1]]";
					};
					D14D4B0E61026724F28C6167 = {
						DevelopmentTeam = 878FAHTFQJ;
						ProvisioningStyle = Automatic;
						SystemCapabilities = "[\"com.apple.iCloud\": [\"enabled\": 1], \"com.apple.ApplicationGroups.Mac\": [\"enabled\": 1]]";
					};
				};
			};
			buildConfigurationList = 64836F53E5D82440573875B0 /* Build configuration list for PBXProject "MacCCTV" */;
			developmentRegion = en;
			hasScannedForEncodings = 0;
			knownRegions = (
				Base,
				en,
				ko,
			);
			mainGroup = 7FB8639A6D67E84B7DA9808D;
			minimizedProjectReferenceProxies = 1;
			packageReferences = (
				BA60ECC5551984618A28763B /* XCRemoteSwiftPackageReference "WebRTC" */,
				2F8782AAE53ABA293972BFC3 /* XCLocalSwiftPackageReference "Packages/CCTVKit" */,
			);
			preferredProjectObjectVersion = 77;
			productRefGroup = A191BA3C98E4C1911E50D330 /* Products */;
			projectDirPath = "";
			projectRoot = "";
			targets = (
				54374CA213092B0F091EBD9E /* CCTVCompanion */,
				D14D4B0E61026724F28C6167 /* MacCCTV */,
				165A6A37EB51830F8201539A /* MacCCTVTests */,
			);
		};
/* End PBXProject section */

/* Begin PBXResourcesBuildPhase section */
		4E30BC6E95970F0C3BB25823 /* Resources */ = {
			isa = PBXResourcesBuildPhase;
			buildActionMask = 2147483647;
			files = (
				17BD07F5BD205F17D3BEB490 /* Assets.xcassets in Resources */,
				F24F5A42ADE24DCE942CFE52 /* InfoPlist.xcstrings in Resources */,
				301F46300732B79417FB9267 /* Localizable.xcstrings in Resources */,
			);
			runOnlyForDeploymentPostprocessing = 0;
		};
		DE2C03EBE565F4B47EE33AA7 /* Resources */ = {
			isa = PBXResourcesBuildPhase;
			buildActionMask = 2147483647;
			files = (
				28A0DF06D884C916A1349DB2 /* MacCCTVTips.storekit in Resources */,
			);
			runOnlyForDeploymentPostprocessing = 0;
		};
		E8F2152A4F6B0BBC50DBF1DF /* Resources */ = {
			isa = PBXResourcesBuildPhase;
			buildActionMask = 2147483647;
			files = (
				11D545157894B4A082F9ED43 /* Assets.xcassets in Resources */,
				288AB77738C39F08466EE84A /* InfoPlist.xcstrings in Resources */,
				434C172014244A3C3DA21989 /* Localizable.xcstrings in Resources */,
			);
			runOnlyForDeploymentPostprocessing = 0;
		};
/* End PBXResourcesBuildPhase section */

/* Begin PBXSourcesBuildPhase section */
		1E93C328367F68CB0C5CC99B /* Sources */ = {
			isa = PBXSourcesBuildPhase;
			buildActionMask = 2147483647;
			files = (
				CFF19CD57D1759CBCB0136DF /* TipJarAppStoreConnectProductTests.swift in Sources */,
				AFAB6BF4CBB621E727B2C559 /* TipJarStoreKitSessionTests.swift in Sources */,
			);
			runOnlyForDeploymentPostprocessing = 0;
		};
		3DD39D777ABF326DAE551B97 /* Sources */ = {
			isa = PBXSourcesBuildPhase;
			buildActionMask = 2147483647;
			files = (
				47C0CC79E30E86495698DE08 /* BroadcastSession.swift in Sources */,
				BAF86A2F9766ED7D90FE5841 /* CaptureEngine.swift in Sources */,
				1E4DDB35A9D729B8626CE86B /* CaptureSettings.swift in Sources */,
				341E8B3B38C68988ADDCB631 /* ChunkWriter.swift in Sources */,
				AA6E199B798F2FF1571CFF5F /* EventDetector.swift in Sources */,
				437399AF3869AC00D5426F75 /* HotkeyManager.swift in Sources */,
				A3171676E215A4D82088EC99 /* LocalChunkStore.swift in Sources */,
				2E31E0E8B1C5662D7C0269D4 /* M0ProbeLaunchHandler.swift in Sources */,
				5CF59D2FB28A5BBEC0C7864C /* M1CaptureLaunchHandler.swift in Sources */,
				8D690B860CF39D4456809C7A /* M2UploadLaunchHandler.swift in Sources */,
				E96ABB53B915A1B8395F4D71 /* MacCCTVApp.swift in Sources */,
				DED9DFCE96144A998E57712F /* MacCCTVRootView.swift in Sources */,
				7E0CEE6E8E123BF8ABB3BF81 /* MacCloudKitProbeView.swift in Sources */,
				81BAF4E07BF9D010B62437FE /* MacCloudKitProbeViewModel.swift in Sources */,
				C8971D15E095FB3E90D73E83 /* MacOnboardingView.swift in Sources */,
				9568C549AAD6C857449112D6 /* SirenController.swift in Sources */,
				80EC96F963190C140EB587BE /* SleepBlocker.swift in Sources */,
				0DDB2489A41A68278C836EFE /* SurveillanceController.swift in Sources */,
				F5E525D7BF6307E71B8543F7 /* SurveillancePopoverView.swift in Sources */,
				9558D359B45B299B0B5969B7 /* TipJarView.swift in Sources */,
			);
			runOnlyForDeploymentPostprocessing = 0;
		};
		51385E035421DBB3CBF83044 /* Sources */ = {
			isa = PBXSourcesBuildPhase;
			buildActionMask = 2147483647;
			files = (
				18BA45D094281A9E2FC6F104 /* CCTVCompanionApp.swift in Sources */,
				5FD759EDB59CB008BA3FDD72 /* EventNavigationRouter.swift in Sources */,
				54D21C7F058327548EA5C88C /* EventNotificationBootstrap.swift in Sources */,
				74FC0CC21FDFE4AD73A56A64 /* IOSCloudKitProbeView.swift in Sources */,
				F7399BBEAB1D0915E7EF81DF /* IOSCloudKitProbeViewModel.swift in Sources */,
				2D9FE6114734D60ACD06DA7C /* M0ProbeLaunchHandler.swift in Sources */,
				1AB2E18EBAD3149A367D6AD3 /* M4PlaybackLaunchHandler.swift in Sources */,
				50B494ED430814DAEA9FC796 /* M5EventPollLaunchHandler.swift in Sources */,
				108268D93371ACF10565F6E5 /* M6LiveLaunchHandler.swift in Sources */,
				90F84CD00B18EEB6B3B87C80 /* SessionLibraryView.swift in Sources */,
				71C3FA8A11FEA42D432C1BCA /* SessionLibraryViewModel.swift in Sources */,
				110F222E22059DB633A9751C /* SessionPlaybackView.swift in Sources */,
				2CB2F7D91BF32EA91CF90B23 /* SessionPlaybackViewModel.swift in Sources */,
				7F127430D9512FF354779283 /* SessionRouteView.swift in Sources */,
				3D2E8DDE7C6AF8EDE270624E /* SettingsView.swift in Sources */,
				DAFACFA911D15AA3AFA4DB57 /* TipJarView.swift in Sources */,
				B0407BA3B9C0707E2145ECCD /* WebRTCReceiver.swift in Sources */,
			);
			runOnlyForDeploymentPostprocessing = 0;
		};
/* End PBXSourcesBuildPhase section */

/* Begin PBXTargetDependency section */
		E9D93FDA42E2E525A49F50B1 /* PBXTargetDependency */ = {
			isa = PBXTargetDependency;
			target = D14D4B0E61026724F28C6167 /* MacCCTV */;
			targetProxy = 84FD7D1856EBE735ABAD9F95 /* PBXContainerItemProxy */;
		};
/* End PBXTargetDependency section */

/* Begin XCBuildConfiguration section */
		03D8621E85228E40C1B3986E /* Debug */ = {
			isa = XCBuildConfiguration;
			buildSettings = {
				ASSETCATALOG_COMPILER_APPICON_NAME = AppIcon;
				CODE_SIGN_ENTITLEMENTS = apps/ios/CCTVCompanion/Support/CCTVCompanion.entitlements;
				CODE_SIGN_IDENTITY = "iPhone Developer";
				INFOPLIST_FILE = apps/ios/CCTVCompanion/Support/Info.plist;
				IPHONEOS_DEPLOYMENT_TARGET = 17.0;
				LD_RUNPATH_SEARCH_PATHS = (
					"$(inherited)",
					"@executable_path/Frameworks",
				);
				PRODUCT_BUNDLE_IDENTIFIER = com.youngminpark.maccctv.ios;
				PRODUCT_NAME = CCTVCompanion;
				SDKROOT = iphoneos;
				TARGETED_DEVICE_FAMILY = "1,2";
			};
			name = Debug;
		};
		085E1486ABF46FF211BAF717 /* Release */ = {
			isa = XCBuildConfiguration;
			buildSettings = {
				BUNDLE_LOADER = "$(TEST_HOST)";
				COMBINE_HIDPI_IMAGES = YES;
				GENERATE_INFOPLIST_FILE = YES;
				LD_RUNPATH_SEARCH_PATHS = (
					"$(inherited)",
					"@executable_path/../Frameworks",
					"@loader_path/../Frameworks",
				);
				MACOSX_DEPLOYMENT_TARGET = 14.0;
				PRODUCT_BUNDLE_IDENTIFIER = com.youngminpark.maccctv.tests;
				SDKROOT = macosx;
				TEST_HOST = "$(BUILT_PRODUCTS_DIR)/MacCCTV.app/Contents/MacOS/MacCCTV";
			};
			name = Release;
		};
		0891BE9A69ED223634C0986F /* Release */ = {
			isa = XCBuildConfiguration;
			buildSettings = {
				ALWAYS_SEARCH_USER_PATHS = NO;
				CLANG_ANALYZER_NONNULL = YES;
				CLANG_ANALYZER_NUMBER_OBJECT_CONVERSION = YES_AGGRESSIVE;
				CLANG_CXX_LANGUAGE_STANDARD = "gnu++14";
				CLANG_CXX_LIBRARY = "libc++";
				CLANG_ENABLE_MODULES = YES;
				CLANG_ENABLE_OBJC_ARC = YES;
				CLANG_ENABLE_OBJC_WEAK = YES;
				CLANG_WARN_BLOCK_CAPTURE_AUTORELEASING = YES;
				CLANG_WARN_BOOL_CONVERSION = YES;
				CLANG_WARN_COMMA = YES;
				CLANG_WARN_CONSTANT_CONVERSION = YES;
				CLANG_WARN_DEPRECATED_OBJC_IMPLEMENTATIONS = YES;
				CLANG_WARN_DIRECT_OBJC_ISA_USAGE = YES_ERROR;
				CLANG_WARN_DOCUMENTATION_COMMENTS = YES;
				CLANG_WARN_EMPTY_BODY = YES;
				CLANG_WARN_ENUM_CONVERSION = YES;
				CLANG_WARN_INFINITE_RECURSION = YES;
				CLANG_WARN_INT_CONVERSION = YES;
				CLANG_WARN_NON_LITERAL_NULL_CONVERSION = YES;
				CLANG_WARN_OBJC_IMPLICIT_RETAIN_SELF = YES;
				CLANG_WARN_OBJC_LITERAL_CONVERSION = YES;
				CLANG_WARN_OBJC_ROOT_CLASS = YES_ERROR;
				CLANG_WARN_QUOTED_INCLUDE_IN_FRAMEWORK_HEADER = YES;
				CLANG_WARN_RANGE_LOOP_ANALYSIS = YES;
				CLANG_WARN_STRICT_PROTOTYPES = YES;
				CLANG_WARN_SUSPICIOUS_MOVE = YES;
				CLANG_WARN_UNGUARDED_AVAILABILITY = YES_AGGRESSIVE;
				CLANG_WARN_UNREACHABLE_CODE = YES;
				CLANG_WARN__DUPLICATE_METHOD_MATCH = YES;
				CODE_SIGN_STYLE = Automatic;
				COPY_PHASE_STRIP = NO;
				CURRENT_PROJECT_VERSION = 2;
				DEBUG_INFORMATION_FORMAT = "dwarf-with-dsym";
				DEVELOPMENT_TEAM = 878FAHTFQJ;
				ENABLE_NS_ASSERTIONS = NO;
				ENABLE_STRICT_OBJC_MSGSEND = YES;
				GCC_C_LANGUAGE_STANDARD = gnu11;
				GCC_NO_COMMON_BLOCKS = YES;
				GCC_WARN_64_TO_32_BIT_CONVERSION = YES;
				GCC_WARN_ABOUT_RETURN_TYPE = YES_ERROR;
				GCC_WARN_UNDECLARED_SELECTOR = YES;
				GCC_WARN_UNINITIALIZED_AUTOS = YES_AGGRESSIVE;
				GCC_WARN_UNUSED_FUNCTION = YES;
				GCC_WARN_UNUSED_VARIABLE = YES;
				IPHONEOS_DEPLOYMENT_TARGET = 17.0;
				MACOSX_DEPLOYMENT_TARGET = 14.0;
				MARKETING_VERSION = 0.1.0;
				MTL_ENABLE_DEBUG_INFO = NO;
				MTL_FAST_MATH = YES;
				PRODUCT_NAME = "$(TARGET_NAME)";
				SWIFT_COMPILATION_MODE = wholemodule;
				SWIFT_OPTIMIZATION_LEVEL = "-O";
				SWIFT_VERSION = 5.0;
			};
			name = Release;
		};
		17AFC17EDB95A923CF91DDB8 /* Debug */ = {
			isa = XCBuildConfiguration;
			buildSettings = {
				ASSETCATALOG_COMPILER_APPICON_NAME = AppIcon;
				CODE_SIGN_ENTITLEMENTS = apps/mac/MacCCTV/Support/MacCCTV.entitlements;
				COMBINE_HIDPI_IMAGES = YES;
				ENABLE_HARDENED_RUNTIME = YES;
				INFOPLIST_FILE = apps/mac/MacCCTV/Support/Info.plist;
				LD_RUNPATH_SEARCH_PATHS = (
					"$(inherited)",
					"@executable_path/../Frameworks",
				);
				MACOSX_DEPLOYMENT_TARGET = 14.0;
				PRODUCT_BUNDLE_IDENTIFIER = com.youngminpark.maccctv.mac;
				PRODUCT_NAME = MacCCTV;
				SDKROOT = macosx;
			};
			name = Debug;
		};
		321D9C6D62A7DDCA931D0CA5 /* Debug */ = {
			isa = XCBuildConfiguration;
			buildSettings = {
				ALWAYS_SEARCH_USER_PATHS = NO;
				CLANG_ANALYZER_NONNULL = YES;
				CLANG_ANALYZER_NUMBER_OBJECT_CONVERSION = YES_AGGRESSIVE;
				CLANG_CXX_LANGUAGE_STANDARD = "gnu++14";
				CLANG_CXX_LIBRARY = "libc++";
				CLANG_ENABLE_MODULES = YES;
				CLANG_ENABLE_OBJC_ARC = YES;
				CLANG_ENABLE_OBJC_WEAK = YES;
				CLANG_WARN_BLOCK_CAPTURE_AUTORELEASING = YES;
				CLANG_WARN_BOOL_CONVERSION = YES;
				CLANG_WARN_COMMA = YES;
				CLANG_WARN_CONSTANT_CONVERSION = YES;
				CLANG_WARN_DEPRECATED_OBJC_IMPLEMENTATIONS = YES;
				CLANG_WARN_DIRECT_OBJC_ISA_USAGE = YES_ERROR;
				CLANG_WARN_DOCUMENTATION_COMMENTS = YES;
				CLANG_WARN_EMPTY_BODY = YES;
				CLANG_WARN_ENUM_CONVERSION = YES;
				CLANG_WARN_INFINITE_RECURSION = YES;
				CLANG_WARN_INT_CONVERSION = YES;
				CLANG_WARN_NON_LITERAL_NULL_CONVERSION = YES;
				CLANG_WARN_OBJC_IMPLICIT_RETAIN_SELF = YES;
				CLANG_WARN_OBJC_LITERAL_CONVERSION = YES;
				CLANG_WARN_OBJC_ROOT_CLASS = YES_ERROR;
				CLANG_WARN_QUOTED_INCLUDE_IN_FRAMEWORK_HEADER = YES;
				CLANG_WARN_RANGE_LOOP_ANALYSIS = YES;
				CLANG_WARN_STRICT_PROTOTYPES = YES;
				CLANG_WARN_SUSPICIOUS_MOVE = YES;
				CLANG_WARN_UNGUARDED_AVAILABILITY = YES_AGGRESSIVE;
				CLANG_WARN_UNREACHABLE_CODE = YES;
				CLANG_WARN__DUPLICATE_METHOD_MATCH = YES;
				CODE_SIGN_STYLE = Automatic;
				COPY_PHASE_STRIP = NO;
				CURRENT_PROJECT_VERSION = 2;
				DEBUG_INFORMATION_FORMAT = dwarf;
				DEVELOPMENT_TEAM = 878FAHTFQJ;
				ENABLE_STRICT_OBJC_MSGSEND = YES;
				ENABLE_TESTABILITY = YES;
				GCC_C_LANGUAGE_STANDARD = gnu11;
				GCC_DYNAMIC_NO_PIC = NO;
				GCC_NO_COMMON_BLOCKS = YES;
				GCC_OPTIMIZATION_LEVEL = 0;
				GCC_PREPROCESSOR_DEFINITIONS = (
					"$(inherited)",
					"DEBUG=1",
				);
				GCC_WARN_64_TO_32_BIT_CONVERSION = YES;
				GCC_WARN_ABOUT_RETURN_TYPE = YES_ERROR;
				GCC_WARN_UNDECLARED_SELECTOR = YES;
				GCC_WARN_UNINITIALIZED_AUTOS = YES_AGGRESSIVE;
				GCC_WARN_UNUSED_FUNCTION = YES;
				GCC_WARN_UNUSED_VARIABLE = YES;
				IPHONEOS_DEPLOYMENT_TARGET = 17.0;
				MACOSX_DEPLOYMENT_TARGET = 14.0;
				MARKETING_VERSION = 0.1.0;
				MTL_ENABLE_DEBUG_INFO = INCLUDE_SOURCE;
				MTL_FAST_MATH = YES;
				ONLY_ACTIVE_ARCH = YES;
				PRODUCT_NAME = "$(TARGET_NAME)";
				SWIFT_ACTIVE_COMPILATION_CONDITIONS = DEBUG;
				SWIFT_OPTIMIZATION_LEVEL = "-Onone";
				SWIFT_VERSION = 5.0;
			};
			name = Debug;
		};
		48DDF35D8165B5B1B1FC63F8 /* Release */ = {
			isa = XCBuildConfiguration;
			buildSettings = {
				ASSETCATALOG_COMPILER_APPICON_NAME = AppIcon;
				CODE_SIGN_ENTITLEMENTS = apps/mac/MacCCTV/Support/MacCCTV.entitlements;
				COMBINE_HIDPI_IMAGES = YES;
				ENABLE_HARDENED_RUNTIME = YES;
				INFOPLIST_FILE = apps/mac/MacCCTV/Support/Info.plist;
				LD_RUNPATH_SEARCH_PATHS = (
					"$(inherited)",
					"@executable_path/../Frameworks",
				);
				MACOSX_DEPLOYMENT_TARGET = 14.0;
				PRODUCT_BUNDLE_IDENTIFIER = com.youngminpark.maccctv.mac;
				PRODUCT_NAME = MacCCTV;
				SDKROOT = macosx;
			};
			name = Release;
		};
		56AD3F618F8CB040CC0AF860 /* Debug */ = {
			isa = XCBuildConfiguration;
			buildSettings = {
				BUNDLE_LOADER = "$(TEST_HOST)";
				COMBINE_HIDPI_IMAGES = YES;
				GENERATE_INFOPLIST_FILE = YES;
				LD_RUNPATH_SEARCH_PATHS = (
					"$(inherited)",
					"@executable_path/../Frameworks",
					"@loader_path/../Frameworks",
				);
				MACOSX_DEPLOYMENT_TARGET = 14.0;
				PRODUCT_BUNDLE_IDENTIFIER = com.youngminpark.maccctv.tests;
				SDKROOT = macosx;
				TEST_HOST = "$(BUILT_PRODUCTS_DIR)/MacCCTV.app/Contents/MacOS/MacCCTV";
			};
			name = Debug;
		};
		C8989AB0387703FAC47851E8 /* Release */ = {
			isa = XCBuildConfiguration;
			buildSettings = {
				ASSETCATALOG_COMPILER_APPICON_NAME = AppIcon;
				CODE_SIGN_ENTITLEMENTS = apps/ios/CCTVCompanion/Support/CCTVCompanion.entitlements;
				CODE_SIGN_IDENTITY = "iPhone Developer";
				INFOPLIST_FILE = apps/ios/CCTVCompanion/Support/Info.plist;
				IPHONEOS_DEPLOYMENT_TARGET = 17.0;
				LD_RUNPATH_SEARCH_PATHS = (
					"$(inherited)",
					"@executable_path/Frameworks",
				);
				PRODUCT_BUNDLE_IDENTIFIER = com.youngminpark.maccctv.ios;
				PRODUCT_NAME = CCTVCompanion;
				SDKROOT = iphoneos;
				TARGETED_DEVICE_FAMILY = "1,2";
			};
			name = Release;
		};
/* End XCBuildConfiguration section */

/* Begin XCConfigurationList section */
		356C20C4AA4AE413513E238E /* Build configuration list for PBXNativeTarget "MacCCTV" */ = {
			isa = XCConfigurationList;
			buildConfigurations = (
				17AFC17EDB95A923CF91DDB8 /* Debug */,
				48DDF35D8165B5B1B1FC63F8 /* Release */,
			);
			defaultConfigurationIsVisible = 0;
			defaultConfigurationName = Debug;
		};
		49F6A1D337F35C825DA92D13 /* Build configuration list for PBXNativeTarget "MacCCTVTests" */ = {
			isa = XCConfigurationList;
			buildConfigurations = (
				56AD3F618F8CB040CC0AF860 /* Debug */,
				085E1486ABF46FF211BAF717 /* Release */,
			);
			defaultConfigurationIsVisible = 0;
			defaultConfigurationName = Debug;
		};
		64836F53E5D82440573875B0 /* Build configuration list for PBXProject "MacCCTV" */ = {
			isa = XCConfigurationList;
			buildConfigurations = (
				321D9C6D62A7DDCA931D0CA5 /* Debug */,
				0891BE9A69ED223634C0986F /* Release */,
			);
			defaultConfigurationIsVisible = 0;
			defaultConfigurationName = Debug;
		};
		8737DF63AA6C7858EA53E64F /* Build configuration list for PBXNativeTarget "CCTVCompanion" */ = {
			isa = XCConfigurationList;
			buildConfigurations = (
				03D8621E85228E40C1B3986E /* Debug */,
				C8989AB0387703FAC47851E8 /* Release */,
			);
			defaultConfigurationIsVisible = 0;
			defaultConfigurationName = Debug;
		};
/* End XCConfigurationList section */

/* Begin XCLocalSwiftPackageReference section */
		2F8782AAE53ABA293972BFC3 /* XCLocalSwiftPackageReference "Packages/CCTVKit" */ = {
			isa = XCLocalSwiftPackageReference;
			relativePath = Packages/CCTVKit;
		};
/* End XCLocalSwiftPackageReference section */

/* Begin XCRemoteSwiftPackageReference section */
		BA60ECC5551984618A28763B /* XCRemoteSwiftPackageReference "WebRTC" */ = {
			isa = XCRemoteSwiftPackageReference;
			repositoryURL = "https://github.com/stasel/WebRTC.git";
			requirement = {
				kind = exactVersion;
				version = 128.0.0;
			};
		};
/* End XCRemoteSwiftPackageReference section */

/* Begin XCSwiftPackageProductDependency section */
		23F2B3C5E4BC0EFB8F215515 /* WebRTC */ = {
			isa = XCSwiftPackageProductDependency;
			package = BA60ECC5551984618A28763B /* XCRemoteSwiftPackageReference "WebRTC" */;
			productName = WebRTC;
		};
		B40ECCDF8CA0C6C97F9149F9 /* CCTVKit */ = {
			isa = XCSwiftPackageProductDependency;
			productName = CCTVKit;
		};
		CC0DC04A38B9D5C274D368D6 /* CCTVKit */ = {
			isa = XCSwiftPackageProductDependency;
			productName = CCTVKit;
		};
		CC4F4F57FC77F80795CA379E /* CCTVKit */ = {
			isa = XCSwiftPackageProductDependency;
			productName = CCTVKit;
		};
		E14849FBC7E7D2DF3F2C10A0 /* WebRTC */ = {
			isa = XCSwiftPackageProductDependency;
			package = BA60ECC5551984618A28763B /* XCRemoteSwiftPackageReference "WebRTC" */;
			productName = WebRTC;
		};
/* End XCSwiftPackageProductDependency section */
	};
	rootObject = 3482E8B71A7996F81EA01B43 /* Project object */;
}
